
Microsoft Visual Studio Solution File, Format Version 12.00
# Visual Studio Version 17
VisualStudioVersion = 17.14.36603.0
MinimumVisualStudioVersion = 10.0.40219.1
Project("{FAE04EC0-301F-11D3-BF4B-00C04F79EFBC}") = "FjWorkerService1", "FjWorkerService1\FjWorkerService1.csproj", "{DE8EAE5B-D3B1-484C-8BE9-B9D004A63154}"
EndProject
Global
	GlobalSection(SolutionConfigurationPlatforms) = preSolution
		Debug|Any CPU = Debug|Any CPU
		Release|Any CPU = Release|Any CPU
	EndGlobalSection
	GlobalSection(ProjectConfigurationPlatforms) = postSolution
		{DE8EAE5B-D3B1-484C-8BE9-B9D004A63154}.Debug|Any CPU.ActiveCfg = Debug|Any CPU
		{DE8EAE5B-D3B1-484C-8BE9-B9D004A63154}.Debug|Any CPU.Build.0 = Debug|Any CPU
		{DE8EAE5B-D3B1-484C-8BE9-B9D004A63154}.Release|Any CPU.ActiveCfg = Release|Any CPU
		{DE8EAE5B-D3B1-484C-8BE9-B9D004A63154}.Release|Any CPU.Build.0 = Release|Any CPU
	EndGlobalSection
	GlobalSection(SolutionProperties) = preSolution
		HideSolutionNode = FALSE
	EndGlobalSection
	GlobalSection(ExtensibilityGlobals) = postSolution
		SolutionGuid = {A956D44E-9CF4-49C7-A4E2-FBDE72948710}
	EndGlobalSection
EndGlobal
